
Microsoft Visual Studio Solution File, Format Version 12.00
# Visual Studio Version 17
VisualStudioVersion = 17.7.34221.43
MinimumVisualStudioVersion = 10.0.40219.1
Project("{FAE04EC0-301F-11D3-BF4B-00C04F79EFBC}") = "WindowsFormsApp1", "WindowsFormsApp1\WindowsFormsApp1.csproj", "{CAC8B771-5BDF-4F98-AA5A-AC1EF316AAC7}"
EndProject
Global
	GlobalSection(SolutionConfigurationPlatforms) = preSolution
		Debug|Any CPU = Debug|Any CPU
		Release|Any CPU = Release|Any CPU
	EndGlobalSection
	GlobalSection(ProjectConfigurationPlatforms) = postSolution
		{CAC8B771-5BDF-4F98-AA5A-AC1EF316AAC7}.Debug|Any CPU.ActiveCfg = Debug|Any CPU
		{CAC8B771-5BDF-4F98-AA5A-AC1EF316AAC7}.Debug|Any CPU.Build.0 = Debug|Any CPU
		{CAC8B771-5BDF-4F98-AA5A-AC1EF316AAC7}.Release|Any CPU.ActiveCfg = Release|Any CPU
		{CAC8B771-5BDF-4F98-AA5A-AC1EF316AAC7}.Release|Any CPU.Build.0 = Release|Any CPU
	EndGlobalSection
	GlobalSection(SolutionProperties) = preSolution
		HideSolutionNode = FALSE
	EndGlobalSection
	GlobalSection(ExtensibilityGlobals) = postSolution
		SolutionGuid = {FB71BD35-9EAB-4875-B3B4-20C903938883}
	EndGlobalSection
EndGlobal
